# THIS IS AN AUTOGENERATED FILE. DO NOT EDIT THIS FILE DIRECTLY.
# yarn lockfile v1


formBuilder@^3.6.2:
  version "3.6.2"
  resolved "https://registry.yarnpkg.com/formBuilder/-/formBuilder-3.6.2.tgz#fa973116ecabab11bceb681232e0b979544ebe79"
  integrity sha512-j7XfVe2uQIjN8BNmv47W8GA4ENtXZCPIrvedDnWG07KnK157UgyvorD43LU3rHL0sjRV/9Vsjfz2rVNJ0Xc42w==
  dependencies:
    jquery ">=3.4.1"
    jquery-ui-sortable "*"

jquery-ui-sortable@*:
  version "1.0.0"
  resolved "https://registry.yarnpkg.com/jquery-ui-sortable/-/jquery-ui-sortable-1.0.0.tgz#0ee062ce02b29b36585ede3a3e0ddde666060f96"
  integrity sha1-DuBizgKymzZYXt46Pg3d5mYGD5Y=

jquery@>=3.4.1:
  version "3.6.0"
  resolved "https://registry.yarnpkg.com/jquery/-/jquery-3.6.0.tgz#c72a09f15c1bdce142f49dbf1170bdf8adac2470"
  integrity sha512-JVzAR/AjBvVt2BmYhxRCSYysDsPcssdmTFnzyLEts9qNwmjmu4JTAMYubEfwVOSwpQ1I1sKKFcxhZCI2buerfw==
